{"SurveyEntry":{"SurveyID":"SV_1MMcjvoGWqh8uUZ","SurveyName":"Health Status Survey - Copy","SurveyDescription":"Health Status Survey - Copy","SurveyOwnerID":"UR_e3UnVvV8g0t4gux","SurveyBrandID":"noleadtrial","DivisionID":null,"SurveyLanguage":"EN","SurveyActiveResponseSet":"RS_5ARGPss19xUGVM1","SurveyStatus":"Inactive","SurveyStartDate":"0000-00-00 00:00:00","SurveyExpirationDate":"0000-00-00 00:00:00","SurveyCreationDate":"2015-05-12 09:18:31","CreatorID":"UR_e3UnVvV8g0t4gux","LastModified":"2015-05-12 09:18:31","LastAccessed":"0000-00-00 00:00:00","LastActivated":"0000-00-00 00:00:00","Deleted":null},"SurveyElements":[{"SurveyID":"SV_1MMcjvoGWqh8uUZ","Element":"BL","PrimaryAttribute":"Survey Blocks","SecondaryAttribute":null,"TertiaryAttribute":null,"Payload":{"1":{"Type":"Trash","Description":"Trash \/ Unused Questions","ID":"BL_ewINXLLgPGSMToU","BlockElements":[]},"3":{"Type":"Standard","Description":"Default Question Block","ID":"BL_egR0r71cln4IT53","BlockElements":[{"Type":"Question","QuestionID":"QID17671673"},{"Type":"Page Break"},{"Type":"Question","QuestionID":"QID17671684"},{"Type":"Question","QuestionID":"QID17671695"},{"Type":"Question","QuestionID":"QID17671696"},{"Type":"Question","QuestionID":"QID17671697"},{"Type":"Question","QuestionID":"QID17671698"},{"Type":"Question","QuestionID":"QID17671699"},{"Type":"Question","QuestionID":"QID17671700"},{"Type":"Question","QuestionID":"QID17671701"},{"Type":"Question","QuestionID":"QID17671674"},{"Type":"Question","QuestionID":"QID17671675"},{"Type":"Question","QuestionID":"QID17671676"},{"Type":"Question","QuestionID":"QID17671677"},{"Type":"Question","QuestionID":"QID17671678"},{"Type":"Question","QuestionID":"QID17671679"},{"Type":"Question","QuestionID":"QID17671680"},{"Type":"Question","QuestionID":"QID17671681"},{"Type":"Question","QuestionID":"QID17671682"},{"Type":"Question","QuestionID":"QID17671683"},{"Type":"Question","QuestionID":"QID17671685"},{"Type":"Question","QuestionID":"QID17671686"},{"Type":"Question","QuestionID":"QID17671687"},{"Type":"Question","QuestionID":"QID17671688"},{"Type":"Question","QuestionID":"QID17671689"},{"Type":"Question","QuestionID":"QID17671690"},{"Type":"Question","QuestionID":"QID17671691"},{"Type":"Question","QuestionID":"QID17671692"},{"Type":"Question","QuestionID":"QID17671693"},{"Type":"Page Break"},{"Type":"Question","QuestionID":"QID17671694"}]}}},{"SurveyID":"SV_1MMcjvoGWqh8uUZ","Element":"FL","PrimaryAttribute":"Survey Flow","SecondaryAttribute":null,"TertiaryAttribute":null,"Payload":{"Flow":[{"ID":"BL_egR0r71cln4IT53","Type":"Standard","FlowID":"FL_0H61Rc1wZydkW9f"}],"Properties":{"count":1,"Count":2},"FlowID":"FL_beFskwZfIF2w2Mt"}},{"SurveyID":"SV_1MMcjvoGWqh8uUZ","Element":"SO","PrimaryAttribute":"Survey Options","SecondaryAttribute":null,"TertiaryAttribute":null,"Payload":{"BackButton":"true","SaveandContinue":"true","SurveyLanguage":"EN","SurveyProtection":"PublicSurvey","BallotBoxStuffing":"false","SurveyExpiration":"None","SurveyTermination":"DefaultMessage","Header":"","Footer":"","ProgressBarDisplay":"None","SkinLibrary":"Qualtrics","SkinType":"MQ","Skin":"Qualtrics","oldSystemID":"431","ExternalCSS":null,"PreviousButton":"  <<  ","NextButton":"  >>  ","CustomStyles":{"errorStyles":{"selector":".Skin .ValidationError","styles":{"color":null,"backgroundColor":null,"borderColor":null}},"errorStylesBG":{"selector":".Skin .HeaderValidationError, .Skin .HeaderValidationError li a","styles":{"color":null,"backgroundColor":null}},"pageStyles":{"selector":"#SurveyEngineBody","styles":{"backgroundColor":null}},"textStyles":{"selector":".SkinInner","styles":{"fontFamily":null,"fontSize":null,"fontWeight":null,"fontStyle":null,"textDecoration":null,"color":null}},"questionStyles":{"selector":".Skin .QuestionText","styles":{"fontFamily":null,"fontSize":null,"fontWeight":null,"fontStyle":null,"textDecoration":null,"color":null}},"choiceStyles":{"selector":".Skin .horizontalbar th.ylabel, .Skin .Matrix table td, .Skin .Matrix table th, .Skin .Matrix table thead th, .Skin .Matrix table thead td, .Skin .PGR .DragAndDrop .Items label, .Skin .QuestionBody ul.ChoiceStructure, .Skin .PGR .DragAndDrop .Group ul, .Skin .PGR .DragAndDrop .Group h2, .Skin .PGR .DragAndDrop .Items ul, .Skin .PGR .DragAndDrop .Items h2, .Skin .DD .QuestionBody table.ChoiceStructure, .Skin .PGR .DragAndDrop .NoColumns td.groupsContainerTd div ul, .Skin .PGR .DragAndDrop .NoColumns td.groupsContainerTd div h2, .Skin .SBS thead th, .Skin .SBS td, .Skin .SBS .Answers td, .Skin .SBS .Answers th, .SBS table.ChoiceStructure, .Skin .horizontalbar thead table.LabelDescriptions tr td, .Skin .horizontalbar thead tr td.NotApplicable, .QuestionBody th, .Skin .MC .MAVR label, .Skin .MC .SAVR label, .Skin .SBS thead th, .Skin .SBS td, .Skin .RO .DND ul li, .Skin .reg, .SkinInner .ChoiceStructure, .Skin thead, .Skin .GAP .ChoiceStructure thead th, .Skin .GAP .ChoiceStructure .c4, .Skin .GAP .ChoiceStructure th, .Skin .GAP .ChoiceStructure .WhyText, .SkinInner .ChoiceStructure .LightBG, .Skin .QuestionOuter.Highlight .Inner .reg, .Skin .QuestionOuter.Highlight .Inner .alt, .Skin .QuestionOuter.Highlight .Inner .ReadableAlt       ","styles":{"fontFamily":null,"fontSize":null,"fontWeight":null,"fontStyle":null,"textDecoration":null,"color":null}},"headerStyles":{"selector":".Skin div#Header","styles":{"color":null}},"footerStyles":{"selector":".Skin #Footer","styles":{"color":null}},"questionSeparatorStyles":{"selector":".Skin .Separator","styles":{"backgroundColor":null,"display":null}},"highlightStyles":{"selector":".Skin .QuestionOuter.Highlight .Inner, .Skin .QuestionOuter.Highlight .Inner .reg, .Skin .QuestionOuter.Highlight .Inner .alt, .Skin .QuestionOuter.Highlight .Inner .ReadableAlt","styles":{"backgroundColor":null}},"highlightStylesAlt":{"selector":".Skin .QuestionOuter.Highlight .Inner .ReadableAlt, .Skin .QuestionOuter.Highlight .Inner .LightBG","styles":{"backgroundColor":null}},"textEntryStyles":{"selector":".Skin select, .Skin .InputText","styles":{"color":null}},"borderStyles":{"selector":".Skin .CS .horizontalbar table.sliderGrid tr.xlabel th, .Skin .CS .horizontalbar .ylabel, .Skin .CS .horizontalbar table.sliderGrid tr td.value, .Skin .Slider .horizontalbar table.sliderGrid tr.xlabel th, .Skin .BorderColor, .Skin .DarkBorderColor, .Skin .Slider .horizontalbar table.sliderGrid tr td.value, .Skin thead, .Skin .GAP .ChoiceStructure thead th  ","styles":{"borderColor":null}},"altRowStyles":{"selector":".Skin .ReadableAlt, .Skin .LightBG","styles":{"backgroundColor":null}},"customCSS":null},"libraryId":"","nextButtonMid":"","previousButtonMid":"","headerMid":"","footerMid":"","QuestionsPerPage":"","HighlightQuestions":"on","SpellChecked":"1","SkinQuestionWidth":700,"SurveyCreationDate":"2014-12-15 17:01:57","NewScoring":1,"SurveyName":null}},{"SurveyID":"SV_1MMcjvoGWqh8uUZ","Element":"SCO","PrimaryAttribute":"Scoring","SecondaryAttribute":null,"TertiaryAttribute":null,"Payload":{"ScoringCategories":[],"ScoringCategoryGroups":[],"ScoringSummaryCategory":null,"ScoringSummaryAfterQuestions":false,"ScoringSummaryAfterSurvey":false,"NextCategoryId":1,"NextGroupId":1,"DefaultScoringCategory":null,"ID":"Scoring"}},{"SurveyID":"SV_1MMcjvoGWqh8uUZ","Element":"SQ","PrimaryAttribute":"QID17671700","SecondaryAttribute":"(HOUSEWORK)  Can you do your own housewo","TertiaryAttribute":null,"Payload":{"QuestionType":"MC","Selector":"SAVR","SubSelector":"TX","Randomization":{"Type":"None"},"Validation":{"Settings":{"Type":"None"}},"AnalysisType":{"Type":"TableOnly"},"QuestionDescription":"(HOUSEWORK)  Can you do your own housewo","DataExportTag":"Q8","QuestionText":" (HOUSEWORK)  Can you do your own housework:","Choices":[{"Display":"Without help"},{"Display":"With some help"},{"Display":"or, are you completely unable to do any housework?"}],"Configuration":{"VariableCount":3},"QuestionText_Unsafe":" (HOUSEWORK)  Can you do your own housework:","QuestionID":"QID17671700"}},{"SurveyID":"SV_1MMcjvoGWqh8uUZ","Element":"SQ","PrimaryAttribute":"QID17671675","SecondaryAttribute":"(LAUNDRY)  Can you do your own laundry:","TertiaryAttribute":null,"Payload":{"QuestionType":"MC","Selector":"SAVR","SubSelector":"TX","Randomization":{"Type":"None"},"Validation":{"Settings":{"Type":"None"}},"AnalysisType":{"Type":"TableOnly"},"QuestionDescription":"(LAUNDRY)  Can you do your own laundry:","DataExportTag":"Q11","QuestionText":" (LAUNDRY)  Can you do your own laundry:","Choices":[{"Display":"Without help"},{"Display":"With some help"},{"Display":"or, are you completely unable to do any laundry at all?"}],"Configuration":{"VariableCount":3},"QuestionText_Unsafe":" (LAUNDRY)  Can you do your own laundry:","QuestionID":"QID17671675"}},{"SurveyID":"SV_1MMcjvoGWqh8uUZ","Element":"SQ","PrimaryAttribute":"QID17671674","SecondaryAttribute":"(MEAL PREPARATION)  Can you prepare your","TertiaryAttribute":null,"Payload":{"QuestionType":"MC","Selector":"SAVR","SubSelector":"TX","Randomization":{"Type":"None"},"Validation":{"Settings":{"Type":"None"}},"AnalysisType":{"Type":"TableOnly"},"QuestionDescription":"(MEAL PREPARATION)  Can you prepare your","DataExportTag":"Q10","QuestionText":" (MEAL PREPARATION)  Can you prepare your own meals:","Choices":[{"Display":"Without help"},{"Display":"With some help"},{"Display":"or, are you completely unable to prepare any meals?"}],"Configuration":{"VariableCount":3},"QuestionText_Unsafe":" (MEAL PREPARATION)  Can you prepare your own meals:","QuestionID":"QID17671674"}},{"SurveyID":"SV_1MMcjvoGWqh8uUZ","Element":"SQ","PrimaryAttribute":"QID17671676","SecondaryAttribute":"(MONEY MANAGEMENT)  Can you manage your ","TertiaryAttribute":null,"Payload":{"QuestionType":"MC","Selector":"SAVR","SubSelector":"TX","Randomization":{"Type":"None"},"Validation":{"Settings":{"Type":"None"}},"AnalysisType":{"Type":"TableOnly"},"QuestionDescription":"(MONEY MANAGEMENT)  Can you manage your ","DataExportTag":"Q12","QuestionText":" (MONEY MANAGEMENT)  Can you manage your own money:","Choices":[{"Display":"Without help"},{"Display":"With some help"},{"Display":"or, are you completely unable to handle money?"}],"Configuration":{"VariableCount":3},"QuestionText_Unsafe":" (MONEY MANAGEMENT)  Can you manage your own money:","QuestionID":"QID17671676"}},{"SurveyID":"SV_1MMcjvoGWqh8uUZ","Element":"SQ","PrimaryAttribute":"QID17671678","SecondaryAttribute":"(PERSONAL CARE)  Do you dress and undres","TertiaryAttribute":null,"Payload":{"QuestionType":"MC","Selector":"SAVR","SubSelector":"TX","Randomization":{"Type":"None"},"Validation":{"Settings":{"Type":"None"}},"AnalysisType":{"Type":"TableOnly"},"QuestionDescription":"(PERSONAL CARE)  Do you dress and undres","DataExportTag":"Q14","QuestionText":" (PERSONAL CARE)  Do you dress and undress yourself:","Choices":[{"Display":"Without help (pick out clothes, dress\/undress self)"},{"Display":"With some help"},{"Display":"or, does someone dress and undress you?"}],"Configuration":{"VariableCount":3},"QuestionText_Unsafe":" (PERSONAL CARE)  Do you dress and undress yourself:","QuestionID":"QID17671678"}},{"SurveyID":"SV_1MMcjvoGWqh8uUZ","Element":"SQ","PrimaryAttribute":"QID17671677","SecondaryAttribute":"(PERSONAL CARE) Do you take care of your own appearance, things like combing your hair (for men shav","TertiaryAttribute":null,"Payload":{"QuestionType":"MC","Selector":"SAVR","SubSelector":"TX","Randomization":{"Type":"None"},"Validation":{"Settings":{"Type":"None"}},"AnalysisType":{"Type":"TableOnly"},"QuestionDescription":"(PERSONAL CARE) Do you take care of your own appearance, things like combing your hair (for men shav...","DataExportTag":"Q13","QuestionText":" (PERSONAL CARE)  Do you take care of your own appearance, things like combing your hair (for men shaving):","Choices":{"1":{"Display":"Without help"},"2":{"Display":"With some help"},"3":{"Display":"or, does someone do all these types of things for you?"}},"Configuration":{"VariableCount":3,"QuestionDescriptionOption":"UseText"},"ChoiceOrder":["1","2","3"],"Language":[],"QuestionText_Unsafe":" (PERSONAL CARE)  Do you take care of your own appearance, things like combing your hair (for men shaving):","QuestionID":"QID17671677"}},{"SurveyID":"SV_1MMcjvoGWqh8uUZ","Element":"SQ","PrimaryAttribute":"QID17671701","SecondaryAttribute":"(SHOPPING)  Can you go shopping for groc","TertiaryAttribute":null,"Payload":{"QuestionType":"MC","Selector":"SAVR","SubSelector":"TX","Randomization":{"Type":"None"},"Validation":{"Settings":{"Type":"None"}},"AnalysisType":{"Type":"TableOnly"},"QuestionDescription":"(SHOPPING)  Can you go shopping for groc","DataExportTag":"Q9","QuestionText":" (SHOPPING)  Can you go shopping for groceries:","Choices":[{"Display":"Without help"},{"Display":"With some help"},{"Display":"or, are you completely unable to do any shopping?"}],"Configuration":{"VariableCount":3},"QuestionText_Unsafe":" (SHOPPING)  Can you go shopping for groceries:","QuestionID":"QID17671701"}},{"SurveyID":"SV_1MMcjvoGWqh8uUZ","Element":"SQ","PrimaryAttribute":"QID17671679","SecondaryAttribute":"(TAKING MEDICATIONS)  During the past 24","TertiaryAttribute":null,"Payload":{"QuestionType":"TE","Selector":"SL","SubSelector":null,"Randomization":{"Type":"None"},"Validation":{"Settings":{"Type":"None"}},"AnalysisType":{"Type":"TextEntry"},"QuestionDescription":"(TAKING MEDICATIONS)  During the past 24","DataExportTag":"Q15","QuestionText":"<br>(TAKING MEDICATIONS)  During the past 24 hours, how many different kinds of medication have you taken?","QuestionText_Unsafe":"<br>(TAKING MEDICATIONS)  During the past 24 hours, how many different kinds of medication have you taken?","QuestionID":"QID17671679"}},{"SurveyID":"SV_1MMcjvoGWqh8uUZ","Element":"SQ","PrimaryAttribute":"QID17671699","SecondaryAttribute":"(TRANSPORTATION)  What about the followi","TertiaryAttribute":null,"Payload":{"QuestionType":"MC","Selector":"SAVR","SubSelector":"TX","Randomization":{"Type":"None"},"Validation":{"Settings":{"Type":"None"}},"AnalysisType":{"Type":"TableOnly"},"QuestionDescription":"(TRANSPORTATION)  What about the followi","DataExportTag":"Q7","QuestionText":" (TRANSPORTATION)  What about the following specific activities...  Can you get to places out of walking distances:","Choices":[{"Display":"Without help"},{"Display":"With some help"},{"Display":"or, are you completely unable to travel unless special arrangements are made?"}],"Configuration":{"VariableCount":3},"QuestionText_Unsafe":" (TRANSPORTATION)  What about the following specific activities...  Can you get to places out of walking distances:","QuestionID":"QID17671699"}},{"SurveyID":"SV_1MMcjvoGWqh8uUZ","Element":"QC","PrimaryAttribute":"Survey Question Count","SecondaryAttribute":"87","TertiaryAttribute":null,"Payload":null},{"SurveyID":"SV_1MMcjvoGWqh8uUZ","Element":"SQ","PrimaryAttribute":"QID17671687","SecondaryAttribute":"Age category:","TertiaryAttribute":null,"Payload":{"QuestionType":"MC","Selector":"SAVR","SubSelector":"TX","Randomization":{"Type":"None"},"Validation":{"Settings":{"Type":"None"}},"AnalysisType":{"Type":"TableOnly"},"QuestionDescription":"Age category:","DataExportTag":"Q22","QuestionText":" Age category:","Choices":[{"Display":"55-59"},{"Display":"60-64"},{"Display":"65-69"},{"Display":"70-74"},{"Display":"75-79"},{"Display":"80-84"},{"Display":"85+"}],"Configuration":{"VariableCount":7},"QuestionText_Unsafe":" Age category:","QuestionID":"QID17671687"}},{"SurveyID":"SV_1MMcjvoGWqh8uUZ","Element":"RS","PrimaryAttribute":"RS_5ARGPss19xUGVM1","SecondaryAttribute":"Default Response Set","TertiaryAttribute":null,"Payload":null},{"SurveyID":"SV_1MMcjvoGWqh8uUZ","Element":"SQ","PrimaryAttribute":"QID17671683","SecondaryAttribute":"Do you or your spouse experience chronic","TertiaryAttribute":null,"Payload":{"QuestionType":"MC","Selector":"SAVR","SubSelector":"TX","Randomization":{"Type":"None"},"Validation":{"Settings":{"Type":"None"}},"AnalysisType":{"Type":"TableOnly"},"QuestionDescription":"Do you or your spouse experience chronic","DataExportTag":"Q19","QuestionText":" Do you or your spouse experience chronic pain?  (That is, ongoing or recurring pain)","Choices":[{"Display":"Self"},{"Display":"Spouse"},{"Display":"Both"},{"Display":"Neither"}],"Configuration":{"VariableCount":4},"QuestionText_Unsafe":" Do you or your spouse experience chronic pain?  (That is, ongoing or recurring pain)","QuestionID":"QID17671683"}},{"SurveyID":"SV_1MMcjvoGWqh8uUZ","Element":"SQ","PrimaryAttribute":"QID17671691","SecondaryAttribute":"Do you own or rent your home?","TertiaryAttribute":null,"Payload":{"QuestionType":"MC","Selector":"SAVR","SubSelector":"TX","Randomization":{"Type":"None"},"Validation":{"Settings":{"Type":"None"}},"AnalysisType":{"Type":"TableOnly"},"QuestionDescription":"Do you own or rent your home?","DataExportTag":"Q26","QuestionText":" Do you own or rent your home?","Choices":[{"Display":"Own"},{"Display":"Rent"},{"Display":"Other"}],"Configuration":{"VariableCount":3},"QuestionText_Unsafe":" Do you own or rent your home?","QuestionID":"QID17671691"}},{"SurveyID":"SV_1MMcjvoGWqh8uUZ","Element":"SQ","PrimaryAttribute":"QID17671692","SecondaryAttribute":"Employment status:","TertiaryAttribute":null,"Payload":{"QuestionType":"MC","Selector":"SAVR","SubSelector":"TX","Randomization":{"Type":"None"},"Validation":{"Settings":{"Type":"None"}},"AnalysisType":{"Type":"TableOnly"},"QuestionDescription":"Employment status:","DataExportTag":"Q27","QuestionText":" Employment status:","Choices":[{"Display":"Retired"},{"Display":"Employed full time"},{"Display":"Employed part time"}],"Configuration":{"VariableCount":3},"QuestionText_Unsafe":" Employment status:","QuestionID":"QID17671692"}},{"SurveyID":"SV_1MMcjvoGWqh8uUZ","Element":"SQ","PrimaryAttribute":"QID17671684","SecondaryAttribute":"First of all, how would you evaluate the","TertiaryAttribute":null,"Payload":{"QuestionType":"MC","Selector":"SAVR","SubSelector":"TX","Randomization":{"Type":"None"},"Validation":{"Settings":{"Type":"None"}},"AnalysisType":{"Type":"TableOnly"},"QuestionDescription":"First of all, how would you evaluate the","DataExportTag":"Q2","QuestionText":" First of all, how would you evaluate the hospitals in your area in their ability to treat health problems related to age?","Choices":[{"Display":"Excellent"},{"Display":"Good"},{"Display":"Fair"},{"Display":"Poor"}],"Configuration":{"VariableCount":4},"QuestionText_Unsafe":" First of all, how would you evaluate the hospitals in your area in their ability to treat health problems related to age?","QuestionID":"QID17671684"}},{"SurveyID":"SV_1MMcjvoGWqh8uUZ","Element":"SQ","PrimaryAttribute":"QID17671688","SecondaryAttribute":"Gender:","TertiaryAttribute":null,"Payload":{"QuestionType":"MC","Selector":"SAVR","SubSelector":"TX","Randomization":{"Type":"None"},"Validation":{"Settings":{"Type":"None"}},"AnalysisType":{"Type":"TableOnly"},"QuestionDescription":"Gender:","DataExportTag":"Q23","QuestionText":" Gender:","Choices":[{"Display":"Male"},{"Display":"Female"}],"Configuration":{"VariableCount":2},"QuestionText_Unsafe":" Gender:","QuestionID":"QID17671688"}},{"SurveyID":"SV_1MMcjvoGWqh8uUZ","Element":"LBLK","PrimaryAttribute":"LS_4H0tobiMbH5qBZr","SecondaryAttribute":"GR_0rJTu2lC3cYWmrO","TertiaryAttribute":null,"Payload":null},{"SurveyID":"SV_1MMcjvoGWqh8uUZ","Element":"SQ","PrimaryAttribute":"QID17671697","SecondaryAttribute":"How often does a close friend or relativ","TertiaryAttribute":null,"Payload":{"QuestionType":"MC","Selector":"SAVR","SubSelector":"TX","Randomization":{"Type":"None"},"Validation":{"Settings":{"Type":"None"}},"AnalysisType":{"Type":"TableOnly"},"QuestionDescription":"How often does a close friend or relativ","DataExportTag":"Q5","QuestionText":" How often does a close friend or relative visit you in your home?","Choices":[{"Display":"Daily"},{"Display":"Several times a week"},{"Display":"Weekly"},{"Display":"Several times a month"},{"Display":"Monthly or less often"}],"Configuration":{"VariableCount":5},"QuestionText_Unsafe":" How often does a close friend or relative visit you in your home?","QuestionID":"QID17671697"}},{"SurveyID":"SV_1MMcjvoGWqh8uUZ","Element":"SQ","PrimaryAttribute":"QID17671685","SecondaryAttribute":"If yes, how are you or your spouse curre","TertiaryAttribute":null,"Payload":{"QuestionType":"MC","Selector":"SAVR","SubSelector":"TX","Randomization":{"Type":"None"},"Validation":{"Settings":{"Type":"None"}},"AnalysisType":{"Type":"TableOnly"},"QuestionDescription":"If yes, how are you or your spouse curre","DataExportTag":"Q20","QuestionText":" If yes, how are you or your spouse currently being treated for chronic pain?","Choices":[{"Display":"No treatment"},{"Display":"Medication"},{"Display":"Other"}],"Configuration":{"VariableCount":3},"QuestionText_Unsafe":" If yes, how are you or your spouse currently being treated for chronic pain?","QuestionID":"QID17671685"}},{"SurveyID":"SV_1MMcjvoGWqh8uUZ","Element":"SQ","PrimaryAttribute":"QID17671680","SecondaryAttribute":"If you have taken medication in the last","TertiaryAttribute":null,"Payload":{"QuestionType":"TE","Selector":"SL","SubSelector":null,"Randomization":{"Type":"None"},"Validation":{"Settings":{"Type":"None"}},"AnalysisType":{"Type":"TextEntry"},"QuestionDescription":"If you have taken medication in the last","DataExportTag":"Q16","QuestionText":"<br>If you have taken medication in the last 24 hours, how many of the medications you have taken have been prescribed by your physician?","QuestionText_Unsafe":"<br>If you have taken medication in the last 24 hours, how many of the medications you have taken have been prescribed by your physician?","QuestionID":"QID17671680"}},{"SurveyID":"SV_1MMcjvoGWqh8uUZ","Element":"SQ","PrimaryAttribute":"QID17671681","SecondaryAttribute":"If you have taken medication in the last","TertiaryAttribute":null,"Payload":{"QuestionType":"MC","Selector":"SAVR","SubSelector":"TX","Randomization":{"Type":"None"},"Validation":{"Settings":{"Type":"None"}},"AnalysisType":{"Type":"TableOnly"},"QuestionDescription":"If you have taken medication in the last","DataExportTag":"Q17","QuestionText":" If you have taken medication in the last 24 hours, do you take your medicine:","Choices":{"1":{"Display":"Without help (in the right doses at the right time)"},"2":{"Display":"With some help (take medicine if someone prepares it for you and\/or reminds you to take it)"},"3":{"Display":"or, are you completely unable to take your own medicines?"}},"Configuration":{"VariableCount":3},"QuestionText_Unsafe":" If you have taken medication in the last 24 hours, do you take your medicine:","QuestionID":"QID17671681"}},{"SurveyID":"SV_1MMcjvoGWqh8uUZ","Element":"SQ","PrimaryAttribute":"QID17671686","SecondaryAttribute":"Just a few demographic questions in orde","TertiaryAttribute":null,"Payload":{"QuestionType":"DB","Selector":"PTB","SubSelector":null,"QuestionDescription":"Just a few demographic questions in orde","QuestionText":" Just a few demographic questions in order to categorize the data:","DataExportTag":"Q21","QuestionText_Unsafe":" Just a few demographic questions in order to categorize the data:","QuestionID":"QID17671686"}},{"SurveyID":"SV_1MMcjvoGWqh8uUZ","Element":"SQ","PrimaryAttribute":"QID17671682","SecondaryAttribute":"Let me now ask you some questions about ","TertiaryAttribute":null,"Payload":{"QuestionType":"DB","Selector":"PTB","SubSelector":null,"QuestionDescription":"Let me now ask you some questions about ","QuestionText":" Let me now ask you some questions about some specific health conditions.","DataExportTag":"Q18","QuestionText_Unsafe":" Let me now ask you some questions about some specific health conditions.","QuestionID":"QID17671682"}},{"SurveyID":"SV_1MMcjvoGWqh8uUZ","Element":"SQ","PrimaryAttribute":"QID17671693","SecondaryAttribute":"Marital status:","TertiaryAttribute":null,"Payload":{"QuestionType":"MC","Selector":"SAVR","SubSelector":"TX","Randomization":{"Type":"None"},"Validation":{"Settings":{"ForceResponseType":"ON","Type":"None"}},"AnalysisType":{"Type":"TableOnly"},"QuestionDescription":"Marital status:","DataExportTag":"Q28","QuestionText":" Marital status:","Choices":[{"Display":"Married"},{"Display":"Divorced"},{"Display":"Widowed"},{"Display":"Never been married"}],"Configuration":{"VariableCount":4,"QuestionDescriptionOption":"UseText"},"ChoiceOrder":["0","1","2","3"],"Language":[],"QuestionText_Unsafe":" Marital status:","QuestionID":"QID17671693"}},{"SurveyID":"SV_1MMcjvoGWqh8uUZ","Element":"SQ","PrimaryAttribute":"QID17671698","SecondaryAttribute":"Now, about your ability to perform everyday living activities. Which of the following best describes","TertiaryAttribute":null,"Payload":{"QuestionType":"MC","Selector":"SAVR","SubSelector":"TX","Randomization":{"Type":"None"},"Validation":{"Settings":{"Type":"None"}},"AnalysisType":{"Type":"TableOnly"},"QuestionDescription":"Now, about your ability to perform everyday living activities. Which of the following best describes...","DataExportTag":"Q6","QuestionText":" Now, about your ability to perform everyday living activities.  Which of the following best describes your everyday living capacities:","Choices":{"1":{"Display":"You can perform all physical activities of daily living without assistance.  (Excellent capacity)"},"2":{"Display":"You can perform all physical activities without assistance but may need some help with the heavy work such as laundry and housekeeping.  (Good capacity)"},"3":{"Display":"You regularly require help with certain physical activities and\/or heavy work but can get through any single day without help.  (Moderate capacity)"},"4":{"Display":"You need help each day but not necessarily throughout the day or night.  (Severely impaired capacity)"},"5":{"Display":"You need help throughout the day and\/or night to carry out the activities of daily living.  (Completely impaired capacity)"}},"Configuration":{"VariableCount":5,"QuestionDescriptionOption":"UseText"},"ChoiceOrder":["1","2","3","4","5"],"Language":[],"QuestionText_Unsafe":" Now, about your ability to perform everyday living activities.  Which of the following best describes your everyday living capacities:","QuestionID":"QID17671698"}},{"SurveyID":"SV_1MMcjvoGWqh8uUZ","Element":"SQ","PrimaryAttribute":"QID17671695","SecondaryAttribute":"Now, let's talk about your own personal health. First of all, how would you evaluate your overall he","TertiaryAttribute":null,"Payload":{"QuestionType":"MC","Selector":"SAVR","SubSelector":"TX","Randomization":{"Type":"None"},"Validation":{"Settings":{"Type":"None"}},"AnalysisType":{"Type":"TableOnly"},"QuestionDescription":"Now, let's talk about your own personal health. First of all, how would you evaluate your overall he...","DataExportTag":"Q3","QuestionText":" Now, let's talk about your own personal health.  First of all, how would you evaluate your overall health.  Would you say you are:","Choices":{"1":{"Display":"In good physical health.  (No significant illnesses or disabilities.  Only routine medical care such as annual checkups required.)"},"2":{"Display":"Mildly physically impaired.  (You have only minor illnesses and\/or disabilities which might benefit from medical treatment or corrective measures.)"},"3":{"Display":"Moderately physically impaired.  (You have one or more diseases or disabilities which are either painful or which require substantial medical treatment.)"},"4":{"Display":"Severely physically impaired.  (You have one or more illnesses or disabilities which are either severely painful or life threatening, or which require extensive medical treatment.)"},"5":{"Display":"Totally physically impaired.  (Confined to bed and requiring full-time medical assistance or nursing care to maintain vital bodily functions.)"}},"Configuration":{"VariableCount":5,"QuestionDescriptionOption":"UseText"},"ChoiceOrder":["1","2","3","4","5"],"Language":[],"QuestionText_Unsafe":" Now, let's talk about your own personal health.  First of all, how would you evaluate your overall health.  Would you say you are:","QuestionID":"QID17671695"}},{"SurveyID":"SV_1MMcjvoGWqh8uUZ","Element":"SQ","PrimaryAttribute":"QID17671689","SecondaryAttribute":"Number of members residing in your house","TertiaryAttribute":null,"Payload":{"QuestionType":"TE","Selector":"SL","SubSelector":null,"Randomization":{"Type":"None"},"Validation":{"Settings":{"Type":"None"}},"AnalysisType":{"Type":"TextEntry"},"QuestionDescription":"Number of members residing in your house","DataExportTag":"Q24","QuestionText":"<br>Number of members residing in your household:","QuestionText_Unsafe":"<br>Number of members residing in your household:","QuestionID":"QID17671689"}},{"SurveyID":"SV_1MMcjvoGWqh8uUZ","Element":"SQ","PrimaryAttribute":"QID17671694","SecondaryAttribute":"Thank you.","TertiaryAttribute":null,"Payload":{"QuestionType":"DB","Selector":"PTB","SubSelector":null,"QuestionDescription":"Thank you.","QuestionText":" Thank you.","DataExportTag":"Q29","QuestionText_Unsafe":" Thank you.","QuestionID":"QID17671694"}},{"SurveyID":"SV_1MMcjvoGWqh8uUZ","Element":"SQ","PrimaryAttribute":"QID17671673","SecondaryAttribute":"We are conducting a brief public opinion","TertiaryAttribute":null,"Payload":{"QuestionType":"DB","Selector":"PTB","SubSelector":null,"QuestionDescription":"We are conducting a brief public opinion","QuestionText":" We are conducting a brief public opinion survey of persons 55 years of age and older regarding health care needs.  This survey is to be completed by someone who falls into that age category.","DataExportTag":"Q1","QuestionText_Unsafe":" We are conducting a brief public opinion survey of persons 55 years of age and older regarding health care needs.  This survey is to be completed by someone who falls into that age category.","QuestionID":"QID17671673"}},{"SurveyID":"SV_1MMcjvoGWqh8uUZ","Element":"SQ","PrimaryAttribute":"QID17671696","SecondaryAttribute":"What about the amount of social support you receive from your family, friends, and the like. When yo","TertiaryAttribute":null,"Payload":{"QuestionType":"MC","Selector":"SAVR","SubSelector":"TX","Randomization":{"Type":"None"},"Validation":{"Settings":{"Type":"None"}},"AnalysisType":{"Type":"TableOnly"},"QuestionDescription":"What about the amount of social support you receive from your family, friends, and the like. When yo...","DataExportTag":"Q4","QuestionText":" What about the amount of social support you receive from your family, friends, and the like.  When you have the need to talk to someone or go on outings with friends and\/or relatives, do you feel there is someone who fulfills these needs?  Would you say you have a:","Choices":{"1":{"Display":"High degree of social support. (Much support is either given or is available, if needed, from family and friends.)"},"2":{"Display":"Above average degree of social support.  (Given or potentially available from family and friends.)"},"3":{"Display":"Average degree of social support from family and friends is given or potentially available."},"4":{"Display":"Below average degree of social support.  (While some support is available from friends, there is no family member from whom help can be obtained.)"},"5":{"Display":"No support or potential support is available from either family or friends."}},"Configuration":{"VariableCount":5,"QuestionDescriptionOption":"UseText"},"ChoiceOrder":["1","2","3","4","5"],"Language":[],"QuestionText_Unsafe":" What about the amount of social support you receive from your family, friends, and the like.  When you have the need to talk to someone or go on outings with friends and\/or relatives, do you feel there is someone who fulfills these needs?  Would you say you have a:","QuestionID":"QID17671696"}},{"SurveyID":"SV_1MMcjvoGWqh8uUZ","Element":"SQ","PrimaryAttribute":"QID17671690","SecondaryAttribute":"What are your current living arrangement","TertiaryAttribute":null,"Payload":{"QuestionType":"MC","Selector":"SAVR","SubSelector":"TX","Randomization":{"Type":"None"},"Validation":{"Settings":{"Type":"None"}},"AnalysisType":{"Type":"TableOnly"},"QuestionDescription":"What are your current living arrangement","DataExportTag":"Q25","QuestionText":" What are your current living arrangements, in terms of who you are living with or who is living with you?","Choices":[{"Display":"Live with spouse only"},{"Display":"Live with spouse and children"},{"Display":"Live alone"},{"Display":"Other"}],"Configuration":{"VariableCount":4},"QuestionText_Unsafe":" What are your current living arrangements, in terms of who you are living with or who is living with you?","QuestionID":"QID17671690"}}]}